// !$*UTF8*$!
{
	archiveVersion = 1;
	classes = {
	};
	objectVersion = 56;
	objects = {

/* Begin PBXBuildFile section */
		341AA2C32CE0354D005EEC4D /* AWSAmplify in Frameworks */ = {isa = PBXBuildFile; productRef = 341AA2C22CE0354D005EEC4D /* AWSAmplify */; };
		341AA2C52CE0354D005EEC4D /* AWSAmplifyBackend in Frameworks */ = {isa = PBXBuildFile; productRef = 341AA2C42CE0354D005EEC4D /* AWSAmplifyBackend */; };
		341AA2C72CE0354D005EEC4D /* AWSAmplifyUIBuilder in Frameworks */ = {isa = PBXBuildFile; productRef = 341AA2C62CE0354D005EEC4D /* AWSAmplifyUIBuilder */; };
		341AA2C92CE0354D005EEC4D /* AWSApiGatewayManagementApi in Frameworks */ = {isa = PBXBuildFile; productRef = 341AA2C82CE0354D005EEC4D /* AWSApiGatewayManagementApi */; };
		341AA2CB2CE0354D005EEC4D /* AWSApiGatewayV2 in Frameworks */ = {isa = PBXBuildFile; productRef = 341AA2CA2CE0354D005EEC4D /* AWSApiGatewayV2 */; };
		341AA2CD2CE0354D005EEC4D /* AWSComprehend in Frameworks */ = {isa = PBXBuildFile; productRef = 341AA2CC2CE0354D005EEC4D /* AWSComprehend */; };
		341AA2CF2CE0354D005EEC4D /* AWSDynamoDB in Frameworks */ = {isa = PBXBuildFile; productRef = 341AA2CE2CE0354D005EEC4D /* AWSDynamoDB */; };
		341AA2D12CE0354D005EEC4D /* AWSDynamoDBStreams in Frameworks */ = {isa = PBXBuildFile; productRef = 341AA2D02CE0354D005EEC4D /* AWSDynamoDBStreams */; };
		341AA2D32CE0354D005EEC4D /* AWSLambda in Frameworks */ = {isa = PBXBuildFile; productRef = 341AA2D22CE0354D005EEC4D /* AWSLambda */; };
		341AA2D52CE0354D005EEC4D /* AWSPolly in Frameworks */ = {isa = PBXBuildFile; productRef = 341AA2D42CE0354D005EEC4D /* AWSPolly */; };
		341AA2D72CE0354D005EEC4D /* AWSRekognition in Frameworks */ = {isa = PBXBuildFile; productRef = 341AA2D62CE0354D005EEC4D /* AWSRekognition */; };
		341AA2D92CE0354D005EEC4D /* AWSS3 in Frameworks */ = {isa = PBXBuildFile; productRef = 341AA2D82CE0354D005EEC4D /* AWSS3 */; };
		341AA2DB2CE0354D005EEC4D /* AWSSNS in Frameworks */ = {isa = PBXBuildFile; productRef = 341AA2DA2CE0354D005EEC4D /* AWSSNS */; };
		341AA2DD2CE0367D005EEC4D /* Transactions.swift in Sources */ = {isa = PBXBuildFile; fileRef = 341AA2DC2CE0367D005EEC4D /* Transactions.swift */; };
		341AA2E12CE04A6E005EEC4D /* Models.swift in Sources */ = {isa = PBXBuildFile; fileRef = 341AA2E02CE04A66005EEC4D /* Models.swift */; };
		3474ECA52CDFDF23001F4E05 /* Expense_ProfolioApp.swift in Sources */ = {isa = PBXBuildFile; fileRef = 3474ECA42CDFDF23001F4E05 /* Expense_ProfolioApp.swift */; };
		3474ECA72CDFDF23001F4E05 /* ContentView.swift in Sources */ = {isa = PBXBuildFile; fileRef = 3474ECA62CDFDF23001F4E05 /* ContentView.swift */; };
		3474ECA92CDFDF25001F4E05 /* Assets.xcassets in Resources */ = {isa = PBXBuildFile; fileRef = 3474ECA82CDFDF25001F4E05 /* Assets.xcassets */; };
		3474ECAC2CDFDF25001F4E05 /* Preview Assets.xcassets in Resources */ = {isa = PBXBuildFile; fileRef = 3474ECAB2CDFDF25001F4E05 /* Preview Assets.xcassets */; };
		3474ECB62CDFDF25001F4E05 /* Expense_ProfolioTests.swift in Sources */ = {isa = PBXBuildFile; fileRef = 3474ECB52CDFDF25001F4E05 /* Expense_ProfolioTests.swift */; };
		3474ECC02CDFDF25001F4E05 /* Expense_ProfolioUITests.swift in Sources */ = {isa = PBXBuildFile; fileRef = 3474ECBF2CDFDF25001F4E05 /* Expense_ProfolioUITests.swift */; };
		3474ECC22CDFDF25001F4E05 /* Expense_ProfolioUITestsLaunchTests.swift in Sources */ = {isa = PBXBuildFile; fileRef = 3474ECC12CDFDF25001F4E05 /* Expense_ProfolioUITestsLaunchTests.swift */; };
		3474ECD12CDFF256001F4E05 /* Profile.swift in Sources */ = {isa = PBXBuildFile; fileRef = 3474ECD02CDFF256001F4E05 /* Profile.swift */; };
		3474ECD42CDFF600001F4E05 /* Auth0 in Frameworks */ = {isa = PBXBuildFile; productRef = 3474ECD32CDFF600001F4E05 /* Auth0 */; };
		3474ECD62CDFF6F5001F4E05 /* Auth0.plist in Resources */ = {isa = PBXBuildFile; fileRef = 3474ECD52CDFF6F5001F4E05 /* Auth0.plist */; };
/* End PBXBuildFile section */

/* Begin PBXContainerItemProxy section */
		3474ECB22CDFDF25001F4E05 /* PBXContainerItemProxy */ = {
			isa = PBXContainerItemProxy;
			containerPortal = 3474EC992CDFDF23001F4E05 /* Project object */;
			proxyType = 1;
			remoteGlobalIDString = 3474ECA02CDFDF23001F4E05;
			remoteInfo = "Expense Profolio";
		};
		3474ECBC2CDFDF25001F4E05 /* PBXContainerItemProxy */ = {
			isa = PBXContainerItemProxy;
			containerPortal = 3474EC992CDFDF23001F4E05 /* Project object */;
			proxyType = 1;
			remoteGlobalIDString = 3474ECA02CDFDF23001F4E05;
			remoteInfo = "Expense Profolio";
		};
/* End PBXContainerItemProxy section */

/* Begin PBXFileReference section */
		341AA2DC2CE0367D005EEC4D /* Transactions.swift */ = {isa = PBXFileReference; lastKnownFileType = sourcecode.swift; path = Transactions.swift; sourceTree = "<group>"; };
		341AA2E02CE04A66005EEC4D /* Models.swift */ = {isa = PBXFileReference; lastKnownFileType = sourcecode.swift; path = Models.swift; sourceTree = "<group>"; };
		3474ECA12CDFDF23001F4E05 /* Expense Profolio.app */ = {isa = PBXFileReference; explicitFileType = wrapper.application; includeInIndex = 0; path = "Expense Profolio.app"; sourceTree = BUILT_PRODUCTS_DIR; };
		3474ECA42CDFDF23001F4E05 /* Expense_ProfolioApp.swift */ = {isa = PBXFileReference; lastKnownFileType = sourcecode.swift; path = Expense_ProfolioApp.swift; sourceTree = "<group>"; };
		3474ECA62CDFDF23001F4E05 /* ContentView.swift */ = {isa = PBXFileReference; lastKnownFileType = sourcecode.swift; path = ContentView.swift; sourceTree = "<group>"; };
		3474ECA82CDFDF25001F4E05 /* Assets.xcassets */ = {isa = PBXFileReference; lastKnownFileType = folder.assetcatalog; path = Assets.xcassets; sourceTree = "<group>"; };
		3474ECAB2CDFDF25001F4E05 /* Preview Assets.xcassets */ = {isa = PBXFileReference; lastKnownFileType = folder.assetcatalog; path = "Preview Assets.xcassets"; sourceTree = "<group>"; };
		3474ECB12CDFDF25001F4E05 /* Expense ProfolioTests.xctest */ = {isa = PBXFileReference; explicitFileType = wrapper.cfbundle; includeInIndex = 0; path = "Expense ProfolioTests.xctest"; sourceTree = BUILT_PRODUCTS_DIR; };
		3474ECB52CDFDF25001F4E05 /* Expense_ProfolioTests.swift */ = {isa = PBXFileReference; lastKnownFileType = sourcecode.swift; path = Expense_ProfolioTests.swift; sourceTree = "<group>"; };
		3474ECBB2CDFDF25001F4E05 /* Expense ProfolioUITests.xctest */ = {isa = PBXFileReference; explicitFileType = wrapper.cfbundle; includeInIndex = 0; path = "Expense ProfolioUITests.xctest"; sourceTree = BUILT_PRODUCTS_DIR; };
		3474ECBF2CDFDF25001F4E05 /* Expense_ProfolioUITests.swift */ = {isa = PBXFileReference; lastKnownFileType = sourcecode.swift; path = Expense_ProfolioUITests.swift; sourceTree = "<group>"; };
		3474ECC12CDFDF25001F4E05 /* Expense_ProfolioUITestsLaunchTests.swift */ = {isa = PBXFileReference; lastKnownFileType = sourcecode.swift; path = Expense_ProfolioUITestsLaunchTests.swift; sourceTree = "<group>"; };
		3474ECD02CDFF256001F4E05 /* Profile.swift */ = {isa = PBXFileReference; lastKnownFileType = sourcecode.swift; path = Profile.swift; sourceTree = "<group>"; };
		3474ECD52CDFF6F5001F4E05 /* Auth0.plist */ = {isa = PBXFileReference; lastKnownFileType = text.plist.xml; path = Auth0.plist; sourceTree = "<group>"; };
/* End PBXFileReference section */

/* Begin PBXFrameworksBuildPhase section */
		3474EC9E2CDFDF23001F4E05 /* Frameworks */ = {
			isa = PBXFrameworksBuildPhase;
			buildActionMask = 2147483647;
			files = (
				3474ECD42CDFF600001F4E05 /* Auth0 in Frameworks */,
				341AA2D32CE0354D005EEC4D /* AWSLambda in Frameworks */,
				341AA2D72CE0354D005EEC4D /* AWSRekognition in Frameworks */,
				341AA2D92CE0354D005EEC4D /* AWSS3 in Frameworks */,
				341AA2CD2CE0354D005EEC4D /* AWSComprehend in Frameworks */,
				341AA2C72CE0354D005EEC4D /* AWSAmplifyUIBuilder in Frameworks */,
				341AA2CB2CE0354D005EEC4D /* AWSApiGatewayV2 in Frameworks */,
				341AA2DB2CE0354D005EEC4D /* AWSSNS in Frameworks */,
				341AA2D52CE0354D005EEC4D /* AWSPolly in Frameworks */,
				341AA2D12CE0354D005EEC4D /* AWSDynamoDBStreams in Frameworks */,
				341AA2CF2CE0354D005EEC4D /* AWSDynamoDB in Frameworks */,
				341AA2C52CE0354D005EEC4D /* AWSAmplifyBackend in Frameworks */,
				341AA2C92CE0354D005EEC4D /* AWSApiGatewayManagementApi in Frameworks */,
				341AA2C32CE0354D005EEC4D /* AWSAmplify in Frameworks */,
			);
			runOnlyForDeploymentPostprocessing = 0;
		};
		3474ECAE2CDFDF25001F4E05 /* Frameworks */ = {
			isa = PBXFrameworksBuildPhase;
			buildActionMask = 2147483647;
			files = (
			);
			runOnlyForDeploymentPostprocessing = 0;
		};
		3474ECB82CDFDF25001F4E05 /* Frameworks */ = {
			isa = PBXFrameworksBuildPhase;
			buildActionMask = 2147483647;
			files = (
			);
			runOnlyForDeploymentPostprocessing = 0;
		};
/* End PBXFrameworksBuildPhase section */

/* Begin PBXGroup section */
		3474EC982CDFDF23001F4E05 = {
			isa = PBXGroup;
			children = (
				3474ECA32CDFDF23001F4E05 /* Expense Profolio */,
				3474ECB42CDFDF25001F4E05 /* Expense ProfolioTests */,
				3474ECBE2CDFDF25001F4E05 /* Expense ProfolioUITests */,
				3474ECA22CDFDF23001F4E05 /* Products */,
			);
			sourceTree = "<group>";
		};
		3474ECA22CDFDF23001F4E05 /* Products */ = {
			isa = PBXGroup;
			children = (
				3474ECA12CDFDF23001F4E05 /* Expense Profolio.app */,
				3474ECB12CDFDF25001F4E05 /* Expense ProfolioTests.xctest */,
				3474ECBB2CDFDF25001F4E05 /* Expense ProfolioUITests.xctest */,
			);
			name = Products;
			sourceTree = "<group>";
		};
		3474ECA32CDFDF23001F4E05 /* Expense Profolio */ = {
			isa = PBXGroup;
			children = (
				341AA2E02CE04A66005EEC4D /* Models.swift */,
				3474ECA42CDFDF23001F4E05 /* Expense_ProfolioApp.swift */,
				3474ECA62CDFDF23001F4E05 /* ContentView.swift */,
				3474ECD02CDFF256001F4E05 /* Profile.swift */,
				341AA2DC2CE0367D005EEC4D /* Transactions.swift */,
				3474ECA82CDFDF25001F4E05 /* Assets.xcassets */,
				3474ECAA2CDFDF25001F4E05 /* Preview Content */,
				3474ECD52CDFF6F5001F4E05 /* Auth0.plist */,
			);
			path = "Expense Profolio";
			sourceTree = "<group>";
		};
		3474ECAA2CDFDF25001F4E05 /* Preview Content */ = {
			isa = PBXGroup;
			children = (
				3474ECAB2CDFDF25001F4E05 /* Preview Assets.xcassets */,
			);
			path = "Preview Content";
			sourceTree = "<group>";
		};
		3474ECB42CDFDF25001F4E05 /* Expense ProfolioTests */ = {
			isa = PBXGroup;
			children = (
				3474ECB52CDFDF25001F4E05 /* Expense_ProfolioTests.swift */,
			);
			path = "Expense ProfolioTests";
			sourceTree = "<group>";
		};
		3474ECBE2CDFDF25001F4E05 /* Expense ProfolioUITests */ = {
			isa = PBXGroup;
			children = (
				3474ECBF2CDFDF25001F4E05 /* Expense_ProfolioUITests.swift */,
				3474ECC12CDFDF25001F4E05 /* Expense_ProfolioUITestsLaunchTests.swift */,
			);
			path = "Expense ProfolioUITests";
			sourceTree = "<group>";
		};
/* End PBXGroup section */

/* Begin PBXNativeTarget section */
		3474ECA02CDFDF23001F4E05 /* Expense Profolio */ = {
			isa = PBXNativeTarget;
			buildConfigurationList = 3474ECC52CDFDF25001F4E05 /* Build configuration list for PBXNativeTarget "Expense Profolio" */;
			buildPhases = (
				3474EC9D2CDFDF23001F4E05 /* Sources */,
				3474EC9E2CDFDF23001F4E05 /* Frameworks */,
				3474EC9F2CDFDF23001F4E05 /* Resources */,
			);
			buildRules = (
			);
			dependencies = (
				3474ECD92CE0177F001F4E05 /* PBXTargetDependency */,
			);
			name = "Expense Profolio";
			packageProductDependencies = (
				3474ECD32CDFF600001F4E05 /* Auth0 */,
				341AA2C22CE0354D005EEC4D /* AWSAmplify */,
				341AA2C42CE0354D005EEC4D /* AWSAmplifyBackend */,
				341AA2C62CE0354D005EEC4D /* AWSAmplifyUIBuilder */,
				341AA2C82CE0354D005EEC4D /* AWSApiGatewayManagementApi */,
				341AA2CA2CE0354D005EEC4D /* AWSApiGatewayV2 */,
				341AA2CC2CE0354D005EEC4D /* AWSComprehend */,
				341AA2CE2CE0354D005EEC4D /* AWSDynamoDB */,
				341AA2D02CE0354D005EEC4D /* AWSDynamoDBStreams */,
				341AA2D22CE0354D005EEC4D /* AWSLambda */,
				341AA2D42CE0354D005EEC4D /* AWSPolly */,
				341AA2D62CE0354D005EEC4D /* AWSRekognition */,
				341AA2D82CE0354D005EEC4D /* AWSS3 */,
				341AA2DA2CE0354D005EEC4D /* AWSSNS */,
			);
			productName = "Expense Profolio";
			productReference = 3474ECA12CDFDF23001F4E05 /* Expense Profolio.app */;
			productType = "com.apple.product-type.application";
		};
		3474ECB02CDFDF25001F4E05 /* Expense ProfolioTests */ = {
			isa = PBXNativeTarget;
			buildConfigurationList = 3474ECC82CDFDF25001F4E05 /* Build configuration list for PBXNativeTarget "Expense ProfolioTests" */;
			buildPhases = (
				3474ECAD2CDFDF25001F4E05 /* Sources */,
				3474ECAE2CDFDF25001F4E05 /* Frameworks */,
				3474ECAF2CDFDF25001F4E05 /* Resources */,
			);
			buildRules = (
			);
			dependencies = (
				3474ECB32CDFDF25001F4E05 /* PBXTargetDependency */,
			);
			name = "Expense ProfolioTests";
			productName = "Expense ProfolioTests";
			productReference = 3474ECB12CDFDF25001F4E05 /* Expense ProfolioTests.xctest */;
			productType = "com.apple.product-type.bundle.unit-test";
		};
		3474ECBA2CDFDF25001F4E05 /* Expense ProfolioUITests */ = {
			isa = PBXNativeTarget;
			buildConfigurationList = 3474ECCB2CDFDF25001F4E05 /* Build configuration list for PBXNativeTarget "Expense ProfolioUITests" */;
			buildPhases = (
				3474ECB72CDFDF25001F4E05 /* Sources */,
				3474ECB82CDFDF25001F4E05 /* Frameworks */,
				3474ECB92CDFDF25001F4E05 /* Resources */,
			);
			buildRules = (
			);
			dependencies = (
				3474ECBD2CDFDF25001F4E05 /* PBXTargetDependency */,
			);
			name = "Expense ProfolioUITests";
			productName = "Expense ProfolioUITests";
			productReference = 3474ECBB2CDFDF25001F4E05 /* Expense ProfolioUITests.xctest */;
			productType = "com.apple.product-type.bundle.ui-testing";
		};
/* End PBXNativeTarget section */

/* Begin PBXProject section */
		3474EC992CDFDF23001F4E05 /* Project object */ = {
			isa = PBXProject;
			attributes = {
				BuildIndependentTargetsInParallel = 1;
				LastSwiftUpdateCheck = 1430;
				LastUpgradeCheck = 1610;
				TargetAttributes = {
					3474ECA02CDFDF23001F4E05 = {
						CreatedOnToolsVersion = 14.3.1;
					};
					3474ECB02CDFDF25001F4E05 = {
						CreatedOnToolsVersion = 14.3.1;
						TestTargetID = 3474ECA02CDFDF23001F4E05;
					};
					3474ECBA2CDFDF25001F4E05 = {
						CreatedOnToolsVersion = 14.3.1;
						TestTargetID = 3474ECA02CDFDF23001F4E05;
					};
				};
			};
			buildConfigurationList = 3474EC9C2CDFDF23001F4E05 /* Build configuration list for PBXProject "Expense Profolio" */;
			compatibilityVersion = "Xcode 14.0";
			developmentRegion = en;
			hasScannedForEncodings = 0;
			knownRegions = (
				en,
				Base,
			);
			mainGroup = 3474EC982CDFDF23001F4E05;
			packageReferences = (
				3474ECD22CDFF600001F4E05 /* XCRemoteSwiftPackageReference "Auth0" */,
				341AA2C12CE0354D005EEC4D /* XCRemoteSwiftPackageReference "aws-sdk-swift" */,
			);
			productRefGroup = 3474ECA22CDFDF23001F4E05 /* Products */;
			projectDirPath = "";
			projectRoot = "";
			targets = (
				3474ECA02CDFDF23001F4E05 /* Expense Profolio */,
				3474ECB02CDFDF25001F4E05 /* Expense ProfolioTests */,
				3474ECBA2CDFDF25001F4E05 /* Expense ProfolioUITests */,
			);
		};
/* End PBXProject section */

/* Begin PBXResourcesBuildPhase section */
		3474EC9F2CDFDF23001F4E05 /* Resources */ = {
			isa = PBXResourcesBuildPhase;
			buildActionMask = 2147483647;
			files = (
				3474ECAC2CDFDF25001F4E05 /* Preview Assets.xcassets in Resources */,
				3474ECD62CDFF6F5001F4E05 /* Auth0.plist in Resources */,
				3474ECA92CDFDF25001F4E05 /* Assets.xcassets in Resources */,
			);
			runOnlyForDeploymentPostprocessing = 0;
		};
		3474ECAF2CDFDF25001F4E05 /* Resources */ = {
			isa = PBXResourcesBuildPhase;
			buildActionMask = 2147483647;
			files = (
			);
			runOnlyForDeploymentPostprocessing = 0;
		};
		3474ECB92CDFDF25001F4E05 /* Resources */ = {
			isa = PBXResourcesBuildPhase;
			buildActionMask = 2147483647;
			files = (
			);
			runOnlyForDeploymentPostprocessing = 0;
		};
/* End PBXResourcesBuildPhase section */

/* Begin PBXSourcesBuildPhase section */
		3474EC9D2CDFDF23001F4E05 /* Sources */ = {
			isa = PBXSourcesBuildPhase;
			buildActionMask = 2147483647;
			files = (
				3474ECA72CDFDF23001F4E05 /* ContentView.swift in Sources */,
				3474ECD12CDFF256001F4E05 /* Profile.swift in Sources */,
				341AA2DD2CE0367D005EEC4D /* Transactions.swift in Sources */,
				3474ECA52CDFDF23001F4E05 /* Expense_ProfolioApp.swift in Sources */,
				341AA2E12CE04A6E005EEC4D /* Models.swift in Sources */,
			);
			runOnlyForDeploymentPostprocessing = 0;
		};
		3474ECAD2CDFDF25001F4E05 /* Sources */ = {
			isa = PBXSourcesBuildPhase;
			buildActionMask = 2147483647;
			files = (
				3474ECB62CDFDF25001F4E05 /* Expense_ProfolioTests.swift in Sources */,
			);
			runOnlyForDeploymentPostprocessing = 0;
		};
		3474ECB72CDFDF25001F4E05 /* Sources */ = {
			isa = PBXSourcesBuildPhase;
			buildActionMask = 2147483647;
			files = (
				3474ECC02CDFDF25001F4E05 /* Expense_ProfolioUITests.swift in Sources */,
				3474ECC22CDFDF25001F4E05 /* Expense_ProfolioUITestsLaunchTests.swift in Sources */,
			);
			runOnlyForDeploymentPostprocessing = 0;
		};
/* End PBXSourcesBuildPhase section */

/* Begin PBXTargetDependency section */
		3474ECB32CDFDF25001F4E05 /* PBXTargetDependency */ = {
			isa = PBXTargetDependency;
			target = 3474ECA02CDFDF23001F4E05 /* Expense Profolio */;
			targetProxy = 3474ECB22CDFDF25001F4E05 /* PBXContainerItemProxy */;
		};
		3474ECBD2CDFDF25001F4E05 /* PBXTargetDependency */ = {
			isa = PBXTargetDependency;
			target = 3474ECA02CDFDF23001F4E05 /* Expense Profolio */;
			targetProxy = 3474ECBC2CDFDF25001F4E05 /* PBXContainerItemProxy */;
		};
		3474ECD92CE0177F001F4E05 /* PBXTargetDependency */ = {
			isa = PBXTargetDependency;
			productRef = 3474ECD82CE0177F001F4E05 /* Auth0 */;
		};
/* End PBXTargetDependency section */

/* Begin XCBuildConfiguration section */
		3474ECC32CDFDF25001F4E05 /* Debug */ = {
			isa = XCBuildConfiguration;
			buildSettings = {
				ALWAYS_SEARCH_USER_PATHS = NO;
				ASSETCATALOG_COMPILER_GENERATE_SWIFT_ASSET_SYMBOL_EXTENSIONS = YES;
				CLANG_ANALYZER_NONNULL = YES;
				CLANG_ANALYZER_NUMBER_OBJECT_CONVERSION = YES_AGGRESSIVE;
				CLANG_CXX_LANGUAGE_STANDARD = "gnu++20";
				CLANG_ENABLE_MODULES = YES;
				CLANG_ENABLE_OBJC_ARC = YES;
				CLANG_ENABLE_OBJC_WEAK = YES;
				CLANG_WARN_BLOCK_CAPTURE_AUTORELEASING = YES;
				CLANG_WARN_BOOL_CONVERSION = YES;
				CLANG_WARN_COMMA = YES;
				CLANG_WARN_CONSTANT_CONVERSION = YES;
				CLANG_WARN_DEPRECATED_OBJC_IMPLEMENTATIONS = YES;
				CLANG_WARN_DIRECT_OBJC_ISA_USAGE = YES_ERROR;
				CLANG_WARN_DOCUMENTATION_COMMENTS = YES;
				CLANG_WARN_EMPTY_BODY = YES;
				CLANG_WARN_ENUM_CONVERSION = YES;
				CLANG_WARN_INFINITE_RECURSION = YES;
				CLANG_WARN_INT_CONVERSION = YES;
				CLANG_WARN_NON_LITERAL_NULL_CONVERSION = YES;
				CLANG_WARN_OBJC_IMPLICIT_RETAIN_SELF = YES;
				CLANG_WARN_OBJC_LITERAL_CONVERSION = YES;
				CLANG_WARN_OBJC_ROOT_CLASS = YES_ERROR;
				CLANG_WARN_QUOTED_INCLUDE_IN_FRAMEWORK_HEADER = YES;
				CLANG_WARN_RANGE_LOOP_ANALYSIS = YES;
				CLANG_WARN_STRICT_PROTOTYPES = YES;
				CLANG_WARN_SUSPICIOUS_MOVE = YES;
				CLANG_WARN_UNGUARDED_AVAILABILITY = YES_AGGRESSIVE;
				CLANG_WARN_UNREACHABLE_CODE = YES;
				CLANG_WARN__DUPLICATE_METHOD_MATCH = YES;
				COPY_PHASE_STRIP = NO;
				DEBUG_INFORMATION_FORMAT = dwarf;
				ENABLE_STRICT_OBJC_MSGSEND = YES;
				ENABLE_TESTABILITY = YES;
				ENABLE_USER_SCRIPT_SANDBOXING = YES;
				GCC_C_LANGUAGE_STANDARD = gnu11;
				GCC_DYNAMIC_NO_PIC = NO;
				GCC_NO_COMMON_BLOCKS = YES;
				GCC_OPTIMIZATION_LEVEL = 0;
				GCC_PREPROCESSOR_DEFINITIONS = (
					"DEBUG=1",
					"$(inherited)",
				);
				GCC_WARN_64_TO_32_BIT_CONVERSION = YES;
				GCC_WARN_ABOUT_RETURN_TYPE = YES_ERROR;
				GCC_WARN_UNDECLARED_SELECTOR = YES;
				GCC_WARN_UNINITIALIZED_AUTOS = YES_AGGRESSIVE;
				GCC_WARN_UNUSED_FUNCTION = YES;
				GCC_WARN_UNUSED_VARIABLE = YES;
				IPHONEOS_DEPLOYMENT_TARGET = 16.4;
				MTL_ENABLE_DEBUG_INFO = INCLUDE_SOURCE;
				MTL_FAST_MATH = YES;
				ONLY_ACTIVE_ARCH = YES;
				SDKROOT = iphoneos;
				SWIFT_ACTIVE_COMPILATION_CONDITIONS = DEBUG;
				SWIFT_OPTIMIZATION_LEVEL = "-Onone";
			};
			name = Debug;
		};
		3474ECC42CDFDF25001F4E05 /* Release */ = {
			isa = XCBuildConfiguration;
			buildSettings = {
				ALWAYS_SEARCH_USER_PATHS = NO;
				ASSETCATALOG_COMPILER_GENERATE_SWIFT_ASSET_SYMBOL_EXTENSIONS = YES;
				CLANG_ANALYZER_NONNULL = YES;
				CLANG_ANALYZER_NUMBER_OBJECT_CONVERSION = YES_AGGRESSIVE;
				CLANG_CXX_LANGUAGE_STANDARD = "gnu++20";
				CLANG_ENABLE_MODULES = YES;
				CLANG_ENABLE_OBJC_ARC = YES;
				CLANG_ENABLE_OBJC_WEAK = YES;
				CLANG_WARN_BLOCK_CAPTURE_AUTORELEASING = YES;
				CLANG_WARN_BOOL_CONVERSION = YES;
				CLANG_WARN_COMMA = YES;
				CLANG_WARN_CONSTANT_CONVERSION = YES;
				CLANG_WARN_DEPRECATED_OBJC_IMPLEMENTATIONS = YES;
				CLANG_WARN_DIRECT_OBJC_ISA_USAGE = YES_ERROR;
				CLANG_WARN_DOCUMENTATION_COMMENTS = YES;
				CLANG_WARN_EMPTY_BODY = YES;
				CLANG_WARN_ENUM_CONVERSION = YES;
				CLANG_WARN_INFINITE_RECURSION = YES;
				CLANG_WARN_INT_CONVERSION = YES;
				CLANG_WARN_NON_LITERAL_NULL_CONVERSION = YES;
				CLANG_WARN_OBJC_IMPLICIT_RETAIN_SELF = YES;
				CLANG_WARN_OBJC_LITERAL_CONVERSION = YES;
				CLANG_WARN_OBJC_ROOT_CLASS = YES_ERROR;
				CLANG_WARN_QUOTED_INCLUDE_IN_FRAMEWORK_HEADER = YES;
				CLANG_WARN_RANGE_LOOP_ANALYSIS = YES;
				CLANG_WARN_STRICT_PROTOTYPES = YES;
				CLANG_WARN_SUSPICIOUS_MOVE = YES;
				CLANG_WARN_UNGUARDED_AVAILABILITY = YES_AGGRESSIVE;
				CLANG_WARN_UNREACHABLE_CODE = YES;
				CLANG_WARN__DUPLICATE_METHOD_MATCH = YES;
				COPY_PHASE_STRIP = NO;
				DEBUG_INFORMATION_FORMAT = "dwarf-with-dsym";
				ENABLE_NS_ASSERTIONS = NO;
				ENABLE_STRICT_OBJC_MSGSEND = YES;
				ENABLE_USER_SCRIPT_SANDBOXING = YES;
				GCC_C_LANGUAGE_STANDARD = gnu11;
				GCC_NO_COMMON_BLOCKS = YES;
				GCC_WARN_64_TO_32_BIT_CONVERSION = YES;
				GCC_WARN_ABOUT_RETURN_TYPE = YES_ERROR;
				GCC_WARN_UNDECLARED_SELECTOR = YES;
				GCC_WARN_UNINITIALIZED_AUTOS = YES_AGGRESSIVE;
				GCC_WARN_UNUSED_FUNCTION = YES;
				GCC_WARN_UNUSED_VARIABLE = YES;
				IPHONEOS_DEPLOYMENT_TARGET = 16.4;
				MTL_ENABLE_DEBUG_INFO = NO;
				MTL_FAST_MATH = YES;
				SDKROOT = iphoneos;
				SWIFT_COMPILATION_MODE = wholemodule;
				SWIFT_OPTIMIZATION_LEVEL = "-O";
				VALIDATE_PRODUCT = YES;
			};
			name = Release;
		};
		3474ECC62CDFDF25001F4E05 /* Debug */ = {
			isa = XCBuildConfiguration;
			buildSettings = {
				ASSETCATALOG_COMPILER_APPICON_NAME = AppIcon;
				ASSETCATALOG_COMPILER_GLOBAL_ACCENT_COLOR_NAME = AccentColor;
				CODE_SIGN_STYLE = Automatic;
				CURRENT_PROJECT_VERSION = 1;
				DEVELOPMENT_ASSET_PATHS = "\"Expense Profolio/Preview Content\"";
				DEVELOPMENT_TEAM = 63QHU3KW48;
				ENABLE_PREVIEWS = YES;
				GENERATE_INFOPLIST_FILE = YES;
				INFOPLIST_KEY_UIApplicationSceneManifest_Generation = YES;
				INFOPLIST_KEY_UIApplicationSupportsIndirectInputEvents = YES;
				INFOPLIST_KEY_UILaunchScreen_Generation = YES;
				INFOPLIST_KEY_UISupportedInterfaceOrientations_iPad = "UIInterfaceOrientationPortrait UIInterfaceOrientationPortraitUpsideDown UIInterfaceOrientationLandscapeLeft UIInterfaceOrientationLandscapeRight";
				INFOPLIST_KEY_UISupportedInterfaceOrientations_iPhone = "UIInterfaceOrientationPortrait UIInterfaceOrientationLandscapeLeft UIInterfaceOrientationLandscapeRight";
				LD_RUNPATH_SEARCH_PATHS = (
					"$(inherited)",
					"@executable_path/Frameworks",
				);
				MARKETING_VERSION = 1.0;
				PRODUCT_BUNDLE_IDENTIFIER = "wz.Expense-Profolio";
				PRODUCT_NAME = "$(TARGET_NAME)";
				SWIFT_EMIT_LOC_STRINGS = YES;
				SWIFT_VERSION = 5.0;
				TARGETED_DEVICE_FAMILY = "1,2";
			};
			name = Debug;
		};
		3474ECC72CDFDF25001F4E05 /* Release */ = {
			isa = XCBuildConfiguration;
			buildSettings = {
				ASSETCATALOG_COMPILER_APPICON_NAME = AppIcon;
				ASSETCATALOG_COMPILER_GLOBAL_ACCENT_COLOR_NAME = AccentColor;
				CODE_SIGN_STYLE = Automatic;
				CURRENT_PROJECT_VERSION = 1;
				DEVELOPMENT_ASSET_PATHS = "\"Expense Profolio/Preview Content\"";
				DEVELOPMENT_TEAM = 63QHU3KW48;
				ENABLE_PREVIEWS = YES;
				GENERATE_INFOPLIST_FILE = YES;
				INFOPLIST_KEY_UIApplicationSceneManifest_Generation = YES;
				INFOPLIST_KEY_UIApplicationSupportsIndirectInputEvents = YES;
				INFOPLIST_KEY_UILaunchScreen_Generation = YES;
				INFOPLIST_KEY_UISupportedInterfaceOrientations_iPad = "UIInterfaceOrientationPortrait UIInterfaceOrientationPortraitUpsideDown UIInterfaceOrientationLandscapeLeft UIInterfaceOrientationLandscapeRight";
				INFOPLIST_KEY_UISupportedInterfaceOrientations_iPhone = "UIInterfaceOrientationPortrait UIInterfaceOrientationLandscapeLeft UIInterfaceOrientationLandscapeRight";
				LD_RUNPATH_SEARCH_PATHS = (
					"$(inherited)",
					"@executable_path/Frameworks",
				);
				MARKETING_VERSION = 1.0;
				PRODUCT_BUNDLE_IDENTIFIER = "wz.Expense-Profolio";
				PRODUCT_NAME = "$(TARGET_NAME)";
				SWIFT_EMIT_LOC_STRINGS = YES;
				SWIFT_VERSION = 5.0;
				TARGETED_DEVICE_FAMILY = "1,2";
			};
			name = Release;
		};
		3474ECC92CDFDF25001F4E05 /* Debug */ = {
			isa = XCBuildConfiguration;
			buildSettings = {
				BUNDLE_LOADER = "$(TEST_HOST)";
				CODE_SIGN_STYLE = Automatic;
				CURRENT_PROJECT_VERSION = 1;
				DEVELOPMENT_TEAM = 63QHU3KW48;
				GENERATE_INFOPLIST_FILE = YES;
				IPHONEOS_DEPLOYMENT_TARGET = 16.4;
				MARKETING_VERSION = 1.0;
				PRODUCT_BUNDLE_IDENTIFIER = "wz.Expense-ProfolioTests";
				PRODUCT_NAME = "$(TARGET_NAME)";
				SWIFT_EMIT_LOC_STRINGS = NO;
				SWIFT_VERSION = 5.0;
				TARGETED_DEVICE_FAMILY = "1,2";
				TEST_HOST = "$(BUILT_PRODUCTS_DIR)/Expense Profolio.app/$(BUNDLE_EXECUTABLE_FOLDER_PATH)/Expense Profolio";
			};
			name = Debug;
		};
		3474ECCA2CDFDF25001F4E05 /* Release */ = {
			isa = XCBuildConfiguration;
			buildSettings = {
				BUNDLE_LOADER = "$(TEST_HOST)";
				CODE_SIGN_STYLE = Automatic;
				CURRENT_PROJECT_VERSION = 1;
				DEVELOPMENT_TEAM = 63QHU3KW48;
				GENERATE_INFOPLIST_FILE = YES;
				IPHONEOS_DEPLOYMENT_TARGET = 16.4;
				MARKETING_VERSION = 1.0;
				PRODUCT_BUNDLE_IDENTIFIER = "wz.Expense-ProfolioTests";
				PRODUCT_NAME = "$(TARGET_NAME)";
				SWIFT_EMIT_LOC_STRINGS = NO;
				SWIFT_VERSION = 5.0;
				TARGETED_DEVICE_FAMILY = "1,2";
				TEST_HOST = "$(BUILT_PRODUCTS_DIR)/Expense Profolio.app/$(BUNDLE_EXECUTABLE_FOLDER_PATH)/Expense Profolio";
			};
			name = Release;
		};
		3474ECCC2CDFDF25001F4E05 /* Debug */ = {
			isa = XCBuildConfiguration;
			buildSettings = {
				CODE_SIGN_STYLE = Automatic;
				CURRENT_PROJECT_VERSION = 1;
				DEVELOPMENT_TEAM = 63QHU3KW48;
				GENERATE_INFOPLIST_FILE = YES;
				MARKETING_VERSION = 1.0;
				PRODUCT_BUNDLE_IDENTIFIER = "wz.Expense-ProfolioUITests";
				PRODUCT_NAME = "$(TARGET_NAME)";
				SWIFT_EMIT_LOC_STRINGS = NO;
				SWIFT_VERSION = 5.0;
				TARGETED_DEVICE_FAMILY = "1,2";
				TEST_TARGET_NAME = "Expense Profolio";
			};
			name = Debug;
		};
		3474ECCD2CDFDF25001F4E05 /* Release */ = {
			isa = XCBuildConfiguration;
			buildSettings = {
				CODE_SIGN_STYLE = Automatic;
				CURRENT_PROJECT_VERSION = 1;
				DEVELOPMENT_TEAM = 63QHU3KW48;
				GENERATE_INFOPLIST_FILE = YES;
				MARKETING_VERSION = 1.0;
				PRODUCT_BUNDLE_IDENTIFIER = "wz.Expense-ProfolioUITests";
				PRODUCT_NAME = "$(TARGET_NAME)";
				SWIFT_EMIT_LOC_STRINGS = NO;
				SWIFT_VERSION = 5.0;
				TARGETED_DEVICE_FAMILY = "1,2";
				TEST_TARGET_NAME = "Expense Profolio";
			};
			name = Release;
		};
/* End XCBuildConfiguration section */

/* Begin XCConfigurationList section */
		3474EC9C2CDFDF23001F4E05 /* Build configuration list for PBXProject "Expense Profolio" */ = {
			isa = XCConfigurationList;
			buildConfigurations = (
				3474ECC32CDFDF25001F4E05 /* Debug */,
				3474ECC42CDFDF25001F4E05 /* Release */,
			);
			defaultConfigurationIsVisible = 0;
			defaultConfigurationName = Release;
		};
		3474ECC52CDFDF25001F4E05 /* Build configuration list for PBXNativeTarget "Expense Profolio" */ = {
			isa = XCConfigurationList;
			buildConfigurations = (
				3474ECC62CDFDF25001F4E05 /* Debug */,
				3474ECC72CDFDF25001F4E05 /* Release */,
			);
			defaultConfigurationIsVisible = 0;
			defaultConfigurationName = Release;
		};
		3474ECC82CDFDF25001F4E05 /* Build configuration list for PBXNativeTarget "Expense ProfolioTests" */ = {
			isa = XCConfigurationList;
			buildConfigurations = (
				3474ECC92CDFDF25001F4E05 /* Debug */,
				3474ECCA2CDFDF25001F4E05 /* Release */,
			);
			defaultConfigurationIsVisible = 0;
			defaultConfigurationName = Release;
		};
		3474ECCB2CDFDF25001F4E05 /* Build configuration list for PBXNativeTarget "Expense ProfolioUITests" */ = {
			isa = XCConfigurationList;
			buildConfigurations = (
				3474ECCC2CDFDF25001F4E05 /* Debug */,
				3474ECCD2CDFDF25001F4E05 /* Release */,
			);
			defaultConfigurationIsVisible = 0;
			defaultConfigurationName = Release;
		};
/* End XCConfigurationList section */

/* Begin XCRemoteSwiftPackageReference section */
		341AA2C12CE0354D005EEC4D /* XCRemoteSwiftPackageReference "aws-sdk-swift" */ = {
			isa = XCRemoteSwiftPackageReference;
			repositoryURL = "https://github.com/awslabs/aws-sdk-swift.git";
			requirement = {
				kind = upToNextMinorVersion;
				minimumVersion = 1.0.36;
			};
		};
		3474ECD22CDFF600001F4E05 /* XCRemoteSwiftPackageReference "Auth0" */ = {
			isa = XCRemoteSwiftPackageReference;
			repositoryURL = "https://github.com/auth0/Auth0.swift";
			requirement = {
				kind = upToNextMajorVersion;
				minimumVersion = 2.0.0;
			};
		};
/* End XCRemoteSwiftPackageReference section */

/* Begin XCSwiftPackageProductDependency section */
		341AA2C22CE0354D005EEC4D /* AWSAmplify */ = {
			isa = XCSwiftPackageProductDependency;
			package = 341AA2C12CE0354D005EEC4D /* XCRemoteSwiftPackageReference "aws-sdk-swift" */;
			productName = AWSAmplify;
		};
		341AA2C42CE0354D005EEC4D /* AWSAmplifyBackend */ = {
			isa = XCSwiftPackageProductDependency;
			package = 341AA2C12CE0354D005EEC4D /* XCRemoteSwiftPackageReference "aws-sdk-swift" */;
			productName = AWSAmplifyBackend;
		};
		341AA2C62CE0354D005EEC4D /* AWSAmplifyUIBuilder */ = {
			isa = XCSwiftPackageProductDependency;
			package = 341AA2C12CE0354D005EEC4D /* XCRemoteSwiftPackageReference "aws-sdk-swift" */;
			productName = AWSAmplifyUIBuilder;
		};
		341AA2C82CE0354D005EEC4D /* AWSApiGatewayManagementApi */ = {
			isa = XCSwiftPackageProductDependency;
			package = 341AA2C12CE0354D005EEC4D /* XCRemoteSwiftPackageReference "aws-sdk-swift" */;
			productName = AWSApiGatewayManagementApi;
		};
		341AA2CA2CE0354D005EEC4D /* AWSApiGatewayV2 */ = {
			isa = XCSwiftPackageProductDependency;
			package = 341AA2C12CE0354D005EEC4D /* XCRemoteSwiftPackageReference "aws-sdk-swift" */;
			productName = AWSApiGatewayV2;
		};
		341AA2CC2CE0354D005EEC4D /* AWSComprehend */ = {
			isa = XCSwiftPackageProductDependency;
			package = 341AA2C12CE0354D005EEC4D /* XCRemoteSwiftPackageReference "aws-sdk-swift" */;
			productName = AWSComprehend;
		};
		341AA2CE2CE0354D005EEC4D /* AWSDynamoDB */ = {
			isa = XCSwiftPackageProductDependency;
			package = 341AA2C12CE0354D005EEC4D /* XCRemoteSwiftPackageReference "aws-sdk-swift" */;
			productName = AWSDynamoDB;
		};
		341AA2D02CE0354D005EEC4D /* AWSDynamoDBStreams */ = {
			isa = XCSwiftPackageProductDependency;
			package = 341AA2C12CE0354D005EEC4D /* XCRemoteSwiftPackageReference "aws-sdk-swift" */;
			productName = AWSDynamoDBStreams;
		};
		341AA2D22CE0354D005EEC4D /* AWSLambda */ = {
			isa = XCSwiftPackageProductDependency;
			package = 341AA2C12CE0354D005EEC4D /* XCRemoteSwiftPackageReference "aws-sdk-swift" */;
			productName = AWSLambda;
		};
		341AA2D42CE0354D005EEC4D /* AWSPolly */ = {
			isa = XCSwiftPackageProductDependency;
			package = 341AA2C12CE0354D005EEC4D /* XCRemoteSwiftPackageReference "aws-sdk-swift" */;
			productName = AWSPolly;
		};
		341AA2D62CE0354D005EEC4D /* AWSRekognition */ = {
			isa = XCSwiftPackageProductDependency;
			package = 341AA2C12CE0354D005EEC4D /* XCRemoteSwiftPackageReference "aws-sdk-swift" */;
			productName = AWSRekognition;
		};
		341AA2D82CE0354D005EEC4D /* AWSS3 */ = {
			isa = XCSwiftPackageProductDependency;
			package = 341AA2C12CE0354D005EEC4D /* XCRemoteSwiftPackageReference "aws-sdk-swift" */;
			productName = AWSS3;
		};
		341AA2DA2CE0354D005EEC4D /* AWSSNS */ = {
			isa = XCSwiftPackageProductDependency;
			package = 341AA2C12CE0354D005EEC4D /* XCRemoteSwiftPackageReference "aws-sdk-swift" */;
			productName = AWSSNS;
		};
		3474ECD32CDFF600001F4E05 /* Auth0 */ = {
			isa = XCSwiftPackageProductDependency;
			package = 3474ECD22CDFF600001F4E05 /* XCRemoteSwiftPackageReference "Auth0" */;
			productName = Auth0;
		};
		3474ECD82CE0177F001F4E05 /* Auth0 */ = {
			isa = XCSwiftPackageProductDependency;
			package = 3474ECD22CDFF600001F4E05 /* XCRemoteSwiftPackageReference "Auth0" */;
			productName = Auth0;
		};
/* End XCSwiftPackageProductDependency section */
	};
	rootObject = 3474EC992CDFDF23001F4E05 /* Project object */;
}
