// !$*UTF8*$!
{
	archiveVersion = 1;
	classes = {
	};
	objectVersion = 56;
	objects = {

/* Begin PBXBuildFile section */
		34F529F32B1075D80011752F /* ExpenseApp.swift in Sources */ = {isa = PBXBuildFile; fileRef = 34F529F22B1075D80011752F /* ExpenseApp.swift */; };
		34F529F52B1075D80011752F /* ContentView.swift in Sources */ = {isa = PBXBuildFile; fileRef = 34F529F42B1075D80011752F /* ContentView.swift */; };
		34F529F72B1075DA0011752F /* Assets.xcassets in Resources */ = {isa = PBXBuildFile; fileRef = 34F529F62B1075DA0011752F /* Assets.xcassets */; };
		34F529FA2B1075DA0011752F /* Preview Assets.xcassets in Resources */ = {isa = PBXBuildFile; fileRef = 34F529F92B1075DA0011752F /* Preview Assets.xcassets */; };
		34F52A042B1075DA0011752F /* ExpenseTests.swift in Sources */ = {isa = PBXBuildFile; fileRef = 34F52A032B1075DA0011752F /* ExpenseTests.swift */; };
		34F52A0E2B1075DA0011752F /* ExpenseUITests.swift in Sources */ = {isa = PBXBuildFile; fileRef = 34F52A0D2B1075DA0011752F /* ExpenseUITests.swift */; };
		34F52A102B1075DA0011752F /* ExpenseUITestsLaunchTests.swift in Sources */ = {isa = PBXBuildFile; fileRef = 34F52A0F2B1075DA0011752F /* ExpenseUITestsLaunchTests.swift */; };
/* End PBXBuildFile section */

/* Begin PBXContainerItemProxy section */
		34F52A002B1075DA0011752F /* PBXContainerItemProxy */ = {
			isa = PBXContainerItemProxy;
			containerPortal = 34F529E72B1075D80011752F /* Project object */;
			proxyType = 1;
			remoteGlobalIDString = 34F529EE2B1075D80011752F;
			remoteInfo = Expense;
		};
		34F52A0A2B1075DA0011752F /* PBXContainerItemProxy */ = {
			isa = PBXContainerItemProxy;
			containerPortal = 34F529E72B1075D80011752F /* Project object */;
			proxyType = 1;
			remoteGlobalIDString = 34F529EE2B1075D80011752F;
			remoteInfo = Expense;
		};
/* End PBXContainerItemProxy section */

/* Begin PBXFileReference section */
		34F529EF2B1075D80011752F /* Expense.app */ = {isa = PBXFileReference; explicitFileType = wrapper.application; includeInIndex = 0; path = Expense.app; sourceTree = BUILT_PRODUCTS_DIR; };
		34F529F22B1075D80011752F /* ExpenseApp.swift */ = {isa = PBXFileReference; lastKnownFileType = sourcecode.swift; path = ExpenseApp.swift; sourceTree = "<group>"; };
		34F529F42B1075D80011752F /* ContentView.swift */ = {isa = PBXFileReference; lastKnownFileType = sourcecode.swift; path = ContentView.swift; sourceTree = "<group>"; };
		34F529F62B1075DA0011752F /* Assets.xcassets */ = {isa = PBXFileReference; lastKnownFileType = folder.assetcatalog; path = Assets.xcassets; sourceTree = "<group>"; };
		34F529F92B1075DA0011752F /* Preview Assets.xcassets */ = {isa = PBXFileReference; lastKnownFileType = folder.assetcatalog; path = "Preview Assets.xcassets"; sourceTree = "<group>"; };
		34F529FF2B1075DA0011752F /* ExpenseTests.xctest */ = {isa = PBXFileReference; explicitFileType = wrapper.cfbundle; includeInIndex = 0; path = ExpenseTests.xctest; sourceTree = BUILT_PRODUCTS_DIR; };
		34F52A032B1075DA0011752F /* ExpenseTests.swift */ = {isa = PBXFileReference; lastKnownFileType = sourcecode.swift; path = ExpenseTests.swift; sourceTree = "<group>"; };
		34F52A092B1075DA0011752F /* ExpenseUITests.xctest */ = {isa = PBXFileReference; explicitFileType = wrapper.cfbundle; includeInIndex = 0; path = ExpenseUITests.xctest; sourceTree = BUILT_PRODUCTS_DIR; };
		34F52A0D2B1075DA0011752F /* ExpenseUITests.swift */ = {isa = PBXFileReference; lastKnownFileType = sourcecode.swift; path = ExpenseUITests.swift; sourceTree = "<group>"; };
		34F52A0F2B1075DA0011752F /* ExpenseUITestsLaunchTests.swift */ = {isa = PBXFileReference; lastKnownFileType = sourcecode.swift; path = ExpenseUITestsLaunchTests.swift; sourceTree = "<group>"; };
/* End PBXFileReference section */

/* Begin PBXFrameworksBuildPhase section */
		34F529EC2B1075D80011752F /* Frameworks */ = {
			isa = PBXFrameworksBuildPhase;
			buildActionMask = 2147483647;
			files = (
			);
			runOnlyForDeploymentPostprocessing = 0;
		};
		34F529FC2B1075DA0011752F /* Frameworks */ = {
			isa = PBXFrameworksBuildPhase;
			buildActionMask = 2147483647;
			files = (
			);
			runOnlyForDeploymentPostprocessing = 0;
		};
		34F52A062B1075DA0011752F /* Frameworks */ = {
			isa = PBXFrameworksBuildPhase;
			buildActionMask = 2147483647;
			files = (
			);
			runOnlyForDeploymentPostprocessing = 0;
		};
/* End PBXFrameworksBuildPhase section */

/* Begin PBXGroup section */
		34F529E62B1075D80011752F = {
			isa = PBXGroup;
			children = (
				34F529F12B1075D80011752F /* Expense */,
				34F52A022B1075DA0011752F /* ExpenseTests */,
				34F52A0C2B1075DA0011752F /* ExpenseUITests */,
				34F529F02B1075D80011752F /* Products */,
			);
			sourceTree = "<group>";
		};
		34F529F02B1075D80011752F /* Products */ = {
			isa = PBXGroup;
			children = (
				34F529EF2B1075D80011752F /* Expense.app */,
				34F529FF2B1075DA0011752F /* ExpenseTests.xctest */,
				34F52A092B1075DA0011752F /* ExpenseUITests.xctest */,
			);
			name = Products;
			sourceTree = "<group>";
		};
		34F529F12B1075D80011752F /* Expense */ = {
			isa = PBXGroup;
			children = (
				34F529F22B1075D80011752F /* ExpenseApp.swift */,
				34F529F42B1075D80011752F /* ContentView.swift */,
				34F529F62B1075DA0011752F /* Assets.xcassets */,
				34F529F82B1075DA0011752F /* Preview Content */,
			);
			path = Expense;
			sourceTree = "<group>";
		};
		34F529F82B1075DA0011752F /* Preview Content */ = {
			isa = PBXGroup;
			children = (
				34F529F92B1075DA0011752F /* Preview Assets.xcassets */,
			);
			path = "Preview Content";
			sourceTree = "<group>";
		};
		34F52A022B1075DA0011752F /* ExpenseTests */ = {
			isa = PBXGroup;
			children = (
				34F52A032B1075DA0011752F /* ExpenseTests.swift */,
			);
			path = ExpenseTests;
			sourceTree = "<group>";
		};
		34F52A0C2B1075DA0011752F /* ExpenseUITests */ = {
			isa = PBXGroup;
			children = (
				34F52A0D2B1075DA0011752F /* ExpenseUITests.swift */,
				34F52A0F2B1075DA0011752F /* ExpenseUITestsLaunchTests.swift */,
			);
			path = ExpenseUITests;
			sourceTree = "<group>";
		};
/* End PBXGroup section */

/* Begin PBXNativeTarget section */
		34F529EE2B1075D80011752F /* Expense */ = {
			isa = PBXNativeTarget;
			buildConfigurationList = 34F52A132B1075DA0011752F /* Build configuration list for PBXNativeTarget "Expense" */;
			buildPhases = (
				34F529EB2B1075D80011752F /* Sources */,
				34F529EC2B1075D80011752F /* Frameworks */,
				34F529ED2B1075D80011752F /* Resources */,
			);
			buildRules = (
			);
			dependencies = (
			);
			name = Expense;
			productName = Expense;
			productReference = 34F529EF2B1075D80011752F /* Expense.app */;
			productType = "com.apple.product-type.application";
		};
		34F529FE2B1075DA0011752F /* ExpenseTests */ = {
			isa = PBXNativeTarget;
			buildConfigurationList = 34F52A162B1075DA0011752F /* Build configuration list for PBXNativeTarget "ExpenseTests" */;
			buildPhases = (
				34F529FB2B1075DA0011752F /* Sources */,
				34F529FC2B1075DA0011752F /* Frameworks */,
				34F529FD2B1075DA0011752F /* Resources */,
			);
			buildRules = (
			);
			dependencies = (
				34F52A012B1075DA0011752F /* PBXTargetDependency */,
			);
			name = ExpenseTests;
			productName = ExpenseTests;
			productReference = 34F529FF2B1075DA0011752F /* ExpenseTests.xctest */;
			productType = "com.apple.product-type.bundle.unit-test";
		};
		34F52A082B1075DA0011752F /* ExpenseUITests */ = {
			isa = PBXNativeTarget;
			buildConfigurationList = 34F52A192B1075DA0011752F /* Build configuration list for PBXNativeTarget "ExpenseUITests" */;
			buildPhases = (
				34F52A052B1075DA0011752F /* Sources */,
				34F52A062B1075DA0011752F /* Frameworks */,
				34F52A072B1075DA0011752F /* Resources */,
			);
			buildRules = (
			);
			dependencies = (
				34F52A0B2B1075DA0011752F /* PBXTargetDependency */,
			);
			name = ExpenseUITests;
			productName = ExpenseUITests;
			productReference = 34F52A092B1075DA0011752F /* ExpenseUITests.xctest */;
			productType = "com.apple.product-type.bundle.ui-testing";
		};
/* End PBXNativeTarget section */

/* Begin PBXProject section */
		34F529E72B1075D80011752F /* Project object */ = {
			isa = PBXProject;
			attributes = {
				BuildIndependentTargetsInParallel = 1;
				LastSwiftUpdateCheck = 1430;
				LastUpgradeCheck = 1430;
				TargetAttributes = {
					34F529EE2B1075D80011752F = {
						CreatedOnToolsVersion = 14.3.1;
					};
					34F529FE2B1075DA0011752F = {
						CreatedOnToolsVersion = 14.3.1;
						TestTargetID = 34F529EE2B1075D80011752F;
					};
					34F52A082B1075DA0011752F = {
						CreatedOnToolsVersion = 14.3.1;
						TestTargetID = 34F529EE2B1075D80011752F;
					};
				};
			};
			buildConfigurationList = 34F529EA2B1075D80011752F /* Build configuration list for PBXProject "Expense" */;
			compatibilityVersion = "Xcode 14.0";
			developmentRegion = en;
			hasScannedForEncodings = 0;
			knownRegions = (
				en,
				Base,
			);
			mainGroup = 34F529E62B1075D80011752F;
			productRefGroup = 34F529F02B1075D80011752F /* Products */;
			projectDirPath = "";
			projectRoot = "";
			targets = (
				34F529EE2B1075D80011752F /* Expense */,
				34F529FE2B1075DA0011752F /* ExpenseTests */,
				34F52A082B1075DA0011752F /* ExpenseUITests */,
			);
		};
/* End PBXProject section */

/* Begin PBXResourcesBuildPhase section */
		34F529ED2B1075D80011752F /* Resources */ = {
			isa = PBXResourcesBuildPhase;
			buildActionMask = 2147483647;
			files = (
				34F529FA2B1075DA0011752F /* Preview Assets.xcassets in Resources */,
				34F529F72B1075DA0011752F /* Assets.xcassets in Resources */,
			);
			runOnlyForDeploymentPostprocessing = 0;
		};
		34F529FD2B1075DA0011752F /* Resources */ = {
			isa = PBXResourcesBuildPhase;
			buildActionMask = 2147483647;
			files = (
			);
			runOnlyForDeploymentPostprocessing = 0;
		};
		34F52A072B1075DA0011752F /* Resources */ = {
			isa = PBXResourcesBuildPhase;
			buildActionMask = 2147483647;
			files = (
			);
			runOnlyForDeploymentPostprocessing = 0;
		};
/* End PBXResourcesBuildPhase section */

/* Begin PBXSourcesBuildPhase section */
		34F529EB2B1075D80011752F /* Sources */ = {
			isa = PBXSourcesBuildPhase;
			buildActionMask = 2147483647;
			files = (
				34F529F52B1075D80011752F /* ContentView.swift in Sources */,
				34F529F32B1075D80011752F /* ExpenseApp.swift in Sources */,
			);
			runOnlyForDeploymentPostprocessing = 0;
		};
		34F529FB2B1075DA0011752F /* Sources */ = {
			isa = PBXSourcesBuildPhase;
			buildActionMask = 2147483647;
			files = (
				34F52A042B1075DA0011752F /* ExpenseTests.swift in Sources */,
			);
			runOnlyForDeploymentPostprocessing = 0;
		};
		34F52A052B1075DA0011752F /* Sources */ = {
			isa = PBXSourcesBuildPhase;
			buildActionMask = 2147483647;
			files = (
				34F52A0E2B1075DA0011752F /* ExpenseUITests.swift in Sources */,
				34F52A102B1075DA0011752F /* ExpenseUITestsLaunchTests.swift in Sources */,
			);
			runOnlyForDeploymentPostprocessing = 0;
		};
/* End PBXSourcesBuildPhase section */

/* Begin PBXTargetDependency section */
		34F52A012B1075DA0011752F /* PBXTargetDependency */ = {
			isa = PBXTargetDependency;
			target = 34F529EE2B1075D80011752F /* Expense */;
			targetProxy = 34F52A002B1075DA0011752F /* PBXContainerItemProxy */;
		};
		34F52A0B2B1075DA0011752F /* PBXTargetDependency */ = {
			isa = PBXTargetDependency;
			target = 34F529EE2B1075D80011752F /* Expense */;
			targetProxy = 34F52A0A2B1075DA0011752F /* PBXContainerItemProxy */;
		};
/* End PBXTargetDependency section */

/* Begin XCBuildConfiguration section */
		34F52A112B1075DA0011752F /* Debug */ = {
			isa = XCBuildConfiguration;
			buildSettings = {
				ALWAYS_SEARCH_USER_PATHS = NO;
				CLANG_ANALYZER_NONNULL = YES;
				CLANG_ANALYZER_NUMBER_OBJECT_CONVERSION = YES_AGGRESSIVE;
				CLANG_CXX_LANGUAGE_STANDARD = "gnu++20";
				CLANG_ENABLE_MODULES = YES;
				CLANG_ENABLE_OBJC_ARC = YES;
				CLANG_ENABLE_OBJC_WEAK = YES;
				CLANG_WARN_BLOCK_CAPTURE_AUTORELEASING = YES;
				CLANG_WARN_BOOL_CONVERSION = YES;
				CLANG_WARN_COMMA = YES;
				CLANG_WARN_CONSTANT_CONVERSION = YES;
				CLANG_WARN_DEPRECATED_OBJC_IMPLEMENTATIONS = YES;
				CLANG_WARN_DIRECT_OBJC_ISA_USAGE = YES_ERROR;
				CLANG_WARN_DOCUMENTATION_COMMENTS = YES;
				CLANG_WARN_EMPTY_BODY = YES;
				CLANG_WARN_ENUM_CONVERSION = YES;
				CLANG_WARN_INFINITE_RECURSION = YES;
				CLANG_WARN_INT_CONVERSION = YES;
				CLANG_WARN_NON_LITERAL_NULL_CONVERSION = YES;
				CLANG_WARN_OBJC_IMPLICIT_RETAIN_SELF = YES;
				CLANG_WARN_OBJC_LITERAL_CONVERSION = YES;
				CLANG_WARN_OBJC_ROOT_CLASS = YES_ERROR;
				CLANG_WARN_QUOTED_INCLUDE_IN_FRAMEWORK_HEADER = YES;
				CLANG_WARN_RANGE_LOOP_ANALYSIS = YES;
				CLANG_WARN_STRICT_PROTOTYPES = YES;
				CLANG_WARN_SUSPICIOUS_MOVE = YES;
				CLANG_WARN_UNGUARDED_AVAILABILITY = YES_AGGRESSIVE;
				CLANG_WARN_UNREACHABLE_CODE = YES;
				CLANG_WARN__DUPLICATE_METHOD_MATCH = YES;
				COPY_PHASE_STRIP = NO;
				DEBUG_INFORMATION_FORMAT = dwarf;
				ENABLE_STRICT_OBJC_MSGSEND = YES;
				ENABLE_TESTABILITY = YES;
				GCC_C_LANGUAGE_STANDARD = gnu11;
				GCC_DYNAMIC_NO_PIC = NO;
				GCC_NO_COMMON_BLOCKS = YES;
				GCC_OPTIMIZATION_LEVEL = 0;
				GCC_PREPROCESSOR_DEFINITIONS = (
					"DEBUG=1",
					"$(inherited)",
				);
				GCC_WARN_64_TO_32_BIT_CONVERSION = YES;
				GCC_WARN_ABOUT_RETURN_TYPE = YES_ERROR;
				GCC_WARN_UNDECLARED_SELECTOR = YES;
				GCC_WARN_UNINITIALIZED_AUTOS = YES_AGGRESSIVE;
				GCC_WARN_UNUSED_FUNCTION = YES;
				GCC_WARN_UNUSED_VARIABLE = YES;
				IPHONEOS_DEPLOYMENT_TARGET = 16.4;
				MTL_ENABLE_DEBUG_INFO = INCLUDE_SOURCE;
				MTL_FAST_MATH = YES;
				ONLY_ACTIVE_ARCH = YES;
				SDKROOT = iphoneos;
				SWIFT_ACTIVE_COMPILATION_CONDITIONS = DEBUG;
				SWIFT_OPTIMIZATION_LEVEL = "-Onone";
			};
			name = Debug;
		};
		34F52A122B1075DA0011752F /* Release */ = {
			isa = XCBuildConfiguration;
			buildSettings = {
				ALWAYS_SEARCH_USER_PATHS = NO;
				CLANG_ANALYZER_NONNULL = YES;
				CLANG_ANALYZER_NUMBER_OBJECT_CONVERSION = YES_AGGRESSIVE;
				CLANG_CXX_LANGUAGE_STANDARD = "gnu++20";
				CLANG_ENABLE_MODULES = YES;
				CLANG_ENABLE_OBJC_ARC = YES;
				CLANG_ENABLE_OBJC_WEAK = YES;
				CLANG_WARN_BLOCK_CAPTURE_AUTORELEASING = YES;
				CLANG_WARN_BOOL_CONVERSION = YES;
				CLANG_WARN_COMMA = YES;
				CLANG_WARN_CONSTANT_CONVERSION = YES;
				CLANG_WARN_DEPRECATED_OBJC_IMPLEMENTATIONS = YES;
				CLANG_WARN_DIRECT_OBJC_ISA_USAGE = YES_ERROR;
				CLANG_WARN_DOCUMENTATION_COMMENTS = YES;
				CLANG_WARN_EMPTY_BODY = YES;
				CLANG_WARN_ENUM_CONVERSION = YES;
				CLANG_WARN_INFINITE_RECURSION = YES;
				CLANG_WARN_INT_CONVERSION = YES;
				CLANG_WARN_NON_LITERAL_NULL_CONVERSION = YES;
				CLANG_WARN_OBJC_IMPLICIT_RETAIN_SELF = YES;
				CLANG_WARN_OBJC_LITERAL_CONVERSION = YES;
				CLANG_WARN_OBJC_ROOT_CLASS = YES_ERROR;
				CLANG_WARN_QUOTED_INCLUDE_IN_FRAMEWORK_HEADER = YES;
				CLANG_WARN_RANGE_LOOP_ANALYSIS = YES;
				CLANG_WARN_STRICT_PROTOTYPES = YES;
				CLANG_WARN_SUSPICIOUS_MOVE = YES;
				CLANG_WARN_UNGUARDED_AVAILABILITY = YES_AGGRESSIVE;
				CLANG_WARN_UNREACHABLE_CODE = YES;
				CLANG_WARN__DUPLICATE_METHOD_MATCH = YES;
				COPY_PHASE_STRIP = NO;
				DEBUG_INFORMATION_FORMAT = "dwarf-with-dsym";
				ENABLE_NS_ASSERTIONS = NO;
				ENABLE_STRICT_OBJC_MSGSEND = YES;
				GCC_C_LANGUAGE_STANDARD = gnu11;
				GCC_NO_COMMON_BLOCKS = YES;
				GCC_WARN_64_TO_32_BIT_CONVERSION = YES;
				GCC_WARN_ABOUT_RETURN_TYPE = YES_ERROR;
				GCC_WARN_UNDECLARED_SELECTOR = YES;
				GCC_WARN_UNINITIALIZED_AUTOS = YES_AGGRESSIVE;
				GCC_WARN_UNUSED_FUNCTION = YES;
				GCC_WARN_UNUSED_VARIABLE = YES;
				IPHONEOS_DEPLOYMENT_TARGET = 16.4;
				MTL_ENABLE_DEBUG_INFO = NO;
				MTL_FAST_MATH = YES;
				SDKROOT = iphoneos;
				SWIFT_COMPILATION_MODE = wholemodule;
				SWIFT_OPTIMIZATION_LEVEL = "-O";
				VALIDATE_PRODUCT = YES;
			};
			name = Release;
		};
		34F52A142B1075DA0011752F /* Debug */ = {
			isa = XCBuildConfiguration;
			buildSettings = {
				ASSETCATALOG_COMPILER_APPICON_NAME = AppIcon;
				ASSETCATALOG_COMPILER_GLOBAL_ACCENT_COLOR_NAME = AccentColor;
				CODE_SIGN_STYLE = Automatic;
				CURRENT_PROJECT_VERSION = 1;
				DEVELOPMENT_ASSET_PATHS = "\"Expense/Preview Content\"";
				ENABLE_PREVIEWS = YES;
				GENERATE_INFOPLIST_FILE = YES;
				INFOPLIST_KEY_UIApplicationSceneManifest_Generation = YES;
				INFOPLIST_KEY_UIApplicationSupportsIndirectInputEvents = YES;
				INFOPLIST_KEY_UILaunchScreen_Generation = YES;
				INFOPLIST_KEY_UISupportedInterfaceOrientations_iPad = "UIInterfaceOrientationPortrait UIInterfaceOrientationPortraitUpsideDown UIInterfaceOrientationLandscapeLeft UIInterfaceOrientationLandscapeRight";
				INFOPLIST_KEY_UISupportedInterfaceOrientations_iPhone = "UIInterfaceOrientationPortrait UIInterfaceOrientationLandscapeLeft UIInterfaceOrientationLandscapeRight";
				LD_RUNPATH_SEARCH_PATHS = (
					"$(inherited)",
					"@executable_path/Frameworks",
				);
				MARKETING_VERSION = 1.0;
				PRODUCT_BUNDLE_IDENTIFIER = zheng.Expense;
				PRODUCT_NAME = "$(TARGET_NAME)";
				SWIFT_EMIT_LOC_STRINGS = YES;
				SWIFT_VERSION = 5.0;
				TARGETED_DEVICE_FAMILY = "1,2";
			};
			name = Debug;
		};
		34F52A152B1075DA0011752F /* Release */ = {
			isa = XCBuildConfiguration;
			buildSettings = {
				ASSETCATALOG_COMPILER_APPICON_NAME = AppIcon;
				ASSETCATALOG_COMPILER_GLOBAL_ACCENT_COLOR_NAME = AccentColor;
				CODE_SIGN_STYLE = Automatic;
				CURRENT_PROJECT_VERSION = 1;
				DEVELOPMENT_ASSET_PATHS = "\"Expense/Preview Content\"";
				ENABLE_PREVIEWS = YES;
				GENERATE_INFOPLIST_FILE = YES;
				INFOPLIST_KEY_UIApplicationSceneManifest_Generation = YES;
				INFOPLIST_KEY_UIApplicationSupportsIndirectInputEvents = YES;
				INFOPLIST_KEY_UILaunchScreen_Generation = YES;
				INFOPLIST_KEY_UISupportedInterfaceOrientations_iPad = "UIInterfaceOrientationPortrait UIInterfaceOrientationPortraitUpsideDown UIInterfaceOrientationLandscapeLeft UIInterfaceOrientationLandscapeRight";
				INFOPLIST_KEY_UISupportedInterfaceOrientations_iPhone = "UIInterfaceOrientationPortrait UIInterfaceOrientationLandscapeLeft UIInterfaceOrientationLandscapeRight";
				LD_RUNPATH_SEARCH_PATHS = (
					"$(inherited)",
					"@executable_path/Frameworks",
				);
				MARKETING_VERSION = 1.0;
				PRODUCT_BUNDLE_IDENTIFIER = zheng.Expense;
				PRODUCT_NAME = "$(TARGET_NAME)";
				SWIFT_EMIT_LOC_STRINGS = YES;
				SWIFT_VERSION = 5.0;
				TARGETED_DEVICE_FAMILY = "1,2";
			};
			name = Release;
		};
		34F52A172B1075DA0011752F /* Debug */ = {
			isa = XCBuildConfiguration;
			buildSettings = {
				ALWAYS_EMBED_SWIFT_STANDARD_LIBRARIES = YES;
				BUNDLE_LOADER = "$(TEST_HOST)";
				CODE_SIGN_STYLE = Automatic;
				CURRENT_PROJECT_VERSION = 1;
				GENERATE_INFOPLIST_FILE = YES;
				IPHONEOS_DEPLOYMENT_TARGET = 16.4;
				MARKETING_VERSION = 1.0;
				PRODUCT_BUNDLE_IDENTIFIER = zheng.ExpenseTests;
				PRODUCT_NAME = "$(TARGET_NAME)";
				SWIFT_EMIT_LOC_STRINGS = NO;
				SWIFT_VERSION = 5.0;
				TARGETED_DEVICE_FAMILY = "1,2";
				TEST_HOST = "$(BUILT_PRODUCTS_DIR)/Expense.app/$(BUNDLE_EXECUTABLE_FOLDER_PATH)/Expense";
			};
			name = Debug;
		};
		34F52A182B1075DA0011752F /* Release */ = {
			isa = XCBuildConfiguration;
			buildSettings = {
				ALWAYS_EMBED_SWIFT_STANDARD_LIBRARIES = YES;
				BUNDLE_LOADER = "$(TEST_HOST)";
				CODE_SIGN_STYLE = Automatic;
				CURRENT_PROJECT_VERSION = 1;
				GENERATE_INFOPLIST_FILE = YES;
				IPHONEOS_DEPLOYMENT_TARGET = 16.4;
				MARKETING_VERSION = 1.0;
				PRODUCT_BUNDLE_IDENTIFIER = zheng.ExpenseTests;
				PRODUCT_NAME = "$(TARGET_NAME)";
				SWIFT_EMIT_LOC_STRINGS = NO;
				SWIFT_VERSION = 5.0;
				TARGETED_DEVICE_FAMILY = "1,2";
				TEST_HOST = "$(BUILT_PRODUCTS_DIR)/Expense.app/$(BUNDLE_EXECUTABLE_FOLDER_PATH)/Expense";
			};
			name = Release;
		};
		34F52A1A2B1075DA0011752F /* Debug */ = {
			isa = XCBuildConfiguration;
			buildSettings = {
				ALWAYS_EMBED_SWIFT_STANDARD_LIBRARIES = YES;
				CODE_SIGN_STYLE = Automatic;
				CURRENT_PROJECT_VERSION = 1;
				GENERATE_INFOPLIST_FILE = YES;
				MARKETING_VERSION = 1.0;
				PRODUCT_BUNDLE_IDENTIFIER = zheng.ExpenseUITests;
				PRODUCT_NAME = "$(TARGET_NAME)";
				SWIFT_EMIT_LOC_STRINGS = NO;
				SWIFT_VERSION = 5.0;
				TARGETED_DEVICE_FAMILY = "1,2";
				TEST_TARGET_NAME = Expense;
			};
			name = Debug;
		};
		34F52A1B2B1075DA0011752F /* Release */ = {
			isa = XCBuildConfiguration;
			buildSettings = {
				ALWAYS_EMBED_SWIFT_STANDARD_LIBRARIES = YES;
				CODE_SIGN_STYLE = Automatic;
				CURRENT_PROJECT_VERSION = 1;
				GENERATE_INFOPLIST_FILE = YES;
				MARKETING_VERSION = 1.0;
				PRODUCT_BUNDLE_IDENTIFIER = zheng.ExpenseUITests;
				PRODUCT_NAME = "$(TARGET_NAME)";
				SWIFT_EMIT_LOC_STRINGS = NO;
				SWIFT_VERSION = 5.0;
				TARGETED_DEVICE_FAMILY = "1,2";
				TEST_TARGET_NAME = Expense;
			};
			name = Release;
		};
/* End XCBuildConfiguration section */

/* Begin XCConfigurationList section */
		34F529EA2B1075D80011752F /* Build configuration list for PBXProject "Expense" */ = {
			isa = XCConfigurationList;
			buildConfigurations = (
				34F52A112B1075DA0011752F /* Debug */,
				34F52A122B1075DA0011752F /* Release */,
			);
			defaultConfigurationIsVisible = 0;
			defaultConfigurationName = Release;
		};
		34F52A132B1075DA0011752F /* Build configuration list for PBXNativeTarget "Expense" */ = {
			isa = XCConfigurationList;
			buildConfigurations = (
				34F52A142B1075DA0011752F /* Debug */,
				34F52A152B1075DA0011752F /* Release */,
			);
			defaultConfigurationIsVisible = 0;
			defaultConfigurationName = Release;
		};
		34F52A162B1075DA0011752F /* Build configuration list for PBXNativeTarget "ExpenseTests" */ = {
			isa = XCConfigurationList;
			buildConfigurations = (
				34F52A172B1075DA0011752F /* Debug */,
				34F52A182B1075DA0011752F /* Release */,
			);
			defaultConfigurationIsVisible = 0;
			defaultConfigurationName = Release;
		};
		34F52A192B1075DA0011752F /* Build configuration list for PBXNativeTarget "ExpenseUITests" */ = {
			isa = XCConfigurationList;
			buildConfigurations = (
				34F52A1A2B1075DA0011752F /* Debug */,
				34F52A1B2B1075DA0011752F /* Release */,
			);
			defaultConfigurationIsVisible = 0;
			defaultConfigurationName = Release;
		};
/* End XCConfigurationList section */
	};
	rootObject = 34F529E72B1075D80011752F /* Project object */;
}
